
Microsoft Visual Studio Solution File, Format Version 12.00
# Visual Studio Version 16
VisualStudioVersion = 16.0.32413.511
MinimumVisualStudioVersion = 10.0.40219.1
Project("{9A19103F-16F7-4668-BE54-9A1E7A4F7556}") = "Avansight.Web", "Avansight.Web\Avansight.Web.csproj", "{804F23B3-D7BA-4674-BCE1-CCC2FDC30B67}"
EndProject
Project("{9A19103F-16F7-4668-BE54-9A1E7A4F7556}") = "Avansight.Domain", "Avansight.Domain\Avansight.Domain.csproj", "{AB7D2251-51DF-4EC0-A00F-74AD46BBCCCB}"
EndProject
Project("{9A19103F-16F7-4668-BE54-9A1E7A4F7556}") = "Avansight.Service", "Avansight.Service\Avansight.Service.csproj", "{6DE9F54B-DC99-4D14-B1A7-4FADD9EFE0C6}"
EndProject
Global
	GlobalSection(SolutionConfigurationPlatforms) = preSolution
		Debug|Any CPU = Debug|Any CPU
		Release|Any CPU = Release|Any CPU
	EndGlobalSection
	GlobalSection(ProjectConfigurationPlatforms) = postSolution
		{804F23B3-D7BA-4674-BCE1-CCC2FDC30B67}.Debug|Any CPU.ActiveCfg = Debug|Any CPU
		{804F23B3-D7BA-4674-BCE1-CCC2FDC30B67}.Debug|Any CPU.Build.0 = Debug|Any CPU
		{804F23B3-D7BA-4674-BCE1-CCC2FDC30B67}.Release|Any CPU.ActiveCfg = Release|Any CPU
		{804F23B3-D7BA-4674-BCE1-CCC2FDC30B67}.Release|Any CPU.Build.0 = Release|Any CPU
		{AB7D2251-51DF-4EC0-A00F-74AD46BBCCCB}.Debug|Any CPU.ActiveCfg = Debug|Any CPU
		{AB7D2251-51DF-4EC0-A00F-74AD46BBCCCB}.Debug|Any CPU.Build.0 = Debug|Any CPU
		{AB7D2251-51DF-4EC0-A00F-74AD46BBCCCB}.Release|Any CPU.ActiveCfg = Release|Any CPU
		{AB7D2251-51DF-4EC0-A00F-74AD46BBCCCB}.Release|Any CPU.Build.0 = Release|Any CPU
		{6DE9F54B-DC99-4D14-B1A7-4FADD9EFE0C6}.Debug|Any CPU.ActiveCfg = Debug|Any CPU
		{6DE9F54B-DC99-4D14-B1A7-4FADD9EFE0C6}.Debug|Any CPU.Build.0 = Debug|Any CPU
		{6DE9F54B-DC99-4D14-B1A7-4FADD9EFE0C6}.Release|Any CPU.ActiveCfg = Release|Any CPU
		{6DE9F54B-DC99-4D14-B1A7-4FADD9EFE0C6}.Release|Any CPU.Build.0 = Release|Any CPU
	EndGlobalSection
	GlobalSection(SolutionProperties) = preSolution
		HideSolutionNode = FALSE
	EndGlobalSection
	GlobalSection(ExtensibilityGlobals) = postSolution
		SolutionGuid = {47544D17-F7E5-469F-9E3A-13C070717270}
	EndGlobalSection
EndGlobal
